
Microsoft Visual Studio Solution File, Format Version 12.00
# Visual Studio Version 17
VisualStudioVersion = 17.11.35312.102
MinimumVisualStudioVersion = 10.0.40219.1
Project("{FAE04EC0-301F-11D3-BF4B-00C04F79EFBC}") = "baitap3tuan2", "baitap3tuan2\baitap3tuan2.csproj", "{77A52A6E-F242-4B9E-9C08-EA0EECBC7F81}"
EndProject
Global
	GlobalSection(SolutionConfigurationPlatforms) = preSolution
		Debug|Any CPU = Debug|Any CPU
		Release|Any CPU = Release|Any CPU
	EndGlobalSection
	GlobalSection(ProjectConfigurationPlatforms) = postSolution
		{77A52A6E-F242-4B9E-9C08-EA0EECBC7F81}.Debug|Any CPU.ActiveCfg = Debug|Any CPU
		{77A52A6E-F242-4B9E-9C08-EA0EECBC7F81}.Debug|Any CPU.Build.0 = Debug|Any CPU
		{77A52A6E-F242-4B9E-9C08-EA0EECBC7F81}.Release|Any CPU.ActiveCfg = Release|Any CPU
		{77A52A6E-F242-4B9E-9C08-EA0EECBC7F81}.Release|Any CPU.Build.0 = Release|Any CPU
	EndGlobalSection
	GlobalSection(SolutionProperties) = preSolution
		HideSolutionNode = FALSE
	EndGlobalSection
	GlobalSection(ExtensibilityGlobals) = postSolution
		SolutionGuid = {5E3D6C61-E5EF-459C-A757-1F1136411506}
	EndGlobalSection
EndGlobal
